
Microsoft Visual Studio Solution File, Format Version 12.00
# Visual Studio Version 16
VisualStudioVersion = 16.0.29306.81
MinimumVisualStudioVersion = 10.0.40219.1
Project("{8BC9CEB8-8B4A-11D0-8D11-00A0C91BC942}") = "CardGame", "CardGame\CardGame.vcxproj", "{E5CD15B0-D264-4F41-987E-FCC72AED60F7}"
EndProject
Project("{8BC9CEB8-8B4A-11D0-8D11-00A0C91BC942}") = "CardGameEXE", "CardGameEXE\CardGameEXE.vcxproj", "{AB524751-BB9A-4A7F-AEE3-D85F33C2CFBD}"
EndProject
Project("{8BC9CEB8-8B4A-11D0-8D11-00A0C91BC942}") = "CardGameUnitTests", "CardGameUnitTests\CardGameUnitTests.vcxproj", "{9D23593F-7B1A-49B5-A3FB-00AA981DAB80}"
EndProject
Global
	GlobalSection(SolutionConfigurationPlatforms) = preSolution
		Debug|x64 = Debug|x64
		Debug|x86 = Debug|x86
		Release|x64 = Release|x64
		Release|x86 = Release|x86
	EndGlobalSection
	GlobalSection(ProjectConfigurationPlatforms) = postSolution
		{E5CD15B0-D264-4F41-987E-FCC72AED60F7}.Debug|x64.ActiveCfg = Debug|x64
		{E5CD15B0-D264-4F41-987E-FCC72AED60F7}.Debug|x64.Build.0 = Debug|x64
		{E5CD15B0-D264-4F41-987E-FCC72AED60F7}.Debug|x86.ActiveCfg = Debug|Win32
		{E5CD15B0-D264-4F41-987E-FCC72AED60F7}.Debug|x86.Build.0 = Debug|Win32
		{E5CD15B0-D264-4F41-987E-FCC72AED60F7}.Release|x64.ActiveCfg = Release|x64
		{E5CD15B0-D264-4F41-987E-FCC72AED60F7}.Release|x64.Build.0 = Release|x64
		{E5CD15B0-D264-4F41-987E-FCC72AED60F7}.Release|x86.ActiveCfg = Release|Win32
		{E5CD15B0-D264-4F41-987E-FCC72AED60F7}.Release|x86.Build.0 = Release|Win32
		{AB524751-BB9A-4A7F-AEE3-D85F33C2CFBD}.Debug|x64.ActiveCfg = Debug|x64
		{AB524751-BB9A-4A7F-AEE3-D85F33C2CFBD}.Debug|x64.Build.0 = Debug|x64
		{AB524751-BB9A-4A7F-AEE3-D85F33C2CFBD}.Debug|x86.ActiveCfg = Debug|Win32
		{AB524751-BB9A-4A7F-AEE3-D85F33C2CFBD}.Debug|x86.Build.0 = Debug|Win32
		{AB524751-BB9A-4A7F-AEE3-D85F33C2CFBD}.Release|x64.ActiveCfg = Release|x64
		{AB524751-BB9A-4A7F-AEE3-D85F33C2CFBD}.Release|x64.Build.0 = Release|x64
		{AB524751-BB9A-4A7F-AEE3-D85F33C2CFBD}.Release|x86.ActiveCfg = Release|Win32
		{AB524751-BB9A-4A7F-AEE3-D85F33C2CFBD}.Release|x86.Build.0 = Release|Win32
		{9D23593F-7B1A-49B5-A3FB-00AA981DAB80}.Debug|x64.ActiveCfg = Debug|x64
		{9D23593F-7B1A-49B5-A3FB-00AA981DAB80}.Debug|x64.Build.0 = Debug|x64
		{9D23593F-7B1A-49B5-A3FB-00AA981DAB80}.Debug|x86.ActiveCfg = Debug|Win32
		{9D23593F-7B1A-49B5-A3FB-00AA981DAB80}.Debug|x86.Build.0 = Debug|Win32
		{9D23593F-7B1A-49B5-A3FB-00AA981DAB80}.Release|x64.ActiveCfg = Release|x64
		{9D23593F-7B1A-49B5-A3FB-00AA981DAB80}.Release|x64.Build.0 = Release|x64
		{9D23593F-7B1A-49B5-A3FB-00AA981DAB80}.Release|x86.ActiveCfg = Release|Win32
		{9D23593F-7B1A-49B5-A3FB-00AA981DAB80}.Release|x86.Build.0 = Release|Win32
	EndGlobalSection
	GlobalSection(SolutionProperties) = preSolution
		HideSolutionNode = FALSE
	EndGlobalSection
	GlobalSection(ExtensibilityGlobals) = postSolution
		SolutionGuid = {A5892E6C-50EC-48E7-9521-83654DD47BA1}
	EndGlobalSection
EndGlobal
