
Microsoft Visual Studio Solution File, Format Version 12.00
# Visual Studio 15
VisualStudioVersion = 15.0.27428.2037
MinimumVisualStudioVersion = 10.0.40219.1
Project("{8BC9CEB8-8B4A-11D0-8D11-00A0C91BC942}") = "RecursionList", "RecursionList\RecursionList.vcxproj", "{B243376E-9FA4-489C-BCCE-BB9C496C62A7}"
EndProject
Project("{8BC9CEB8-8B4A-11D0-8D11-00A0C91BC942}") = "UnitTest1", "UnitTest1\UnitTest1.vcxproj", "{85221DB3-A09E-470F-A857-24F3F00B9D75}"
EndProject
Project("{8BC9CEB8-8B4A-11D0-8D11-00A0C91BC942}") = "QueenSolver", "QueenSolver\QueenSolver.vcxproj", "{9C52736C-1A50-4802-93C1-D2CBF21A7EC3}"
EndProject
Global
	GlobalSection(SolutionConfigurationPlatforms) = preSolution
		Debug|x64 = Debug|x64
		Debug|x86 = Debug|x86
		Release|x64 = Release|x64
		Release|x86 = Release|x86
	EndGlobalSection
	GlobalSection(ProjectConfigurationPlatforms) = postSolution
		{B243376E-9FA4-489C-BCCE-BB9C496C62A7}.Debug|x64.ActiveCfg = Debug|x64
		{B243376E-9FA4-489C-BCCE-BB9C496C62A7}.Debug|x64.Build.0 = Debug|x64
		{B243376E-9FA4-489C-BCCE-BB9C496C62A7}.Debug|x86.ActiveCfg = Debug|Win32
		{B243376E-9FA4-489C-BCCE-BB9C496C62A7}.Debug|x86.Build.0 = Debug|Win32
		{B243376E-9FA4-489C-BCCE-BB9C496C62A7}.Release|x64.ActiveCfg = Release|x64
		{B243376E-9FA4-489C-BCCE-BB9C496C62A7}.Release|x64.Build.0 = Release|x64
		{B243376E-9FA4-489C-BCCE-BB9C496C62A7}.Release|x86.ActiveCfg = Release|Win32
		{B243376E-9FA4-489C-BCCE-BB9C496C62A7}.Release|x86.Build.0 = Release|Win32
		{85221DB3-A09E-470F-A857-24F3F00B9D75}.Debug|x64.ActiveCfg = Debug|x64
		{85221DB3-A09E-470F-A857-24F3F00B9D75}.Debug|x64.Build.0 = Debug|x64
		{85221DB3-A09E-470F-A857-24F3F00B9D75}.Debug|x86.ActiveCfg = Debug|Win32
		{85221DB3-A09E-470F-A857-24F3F00B9D75}.Debug|x86.Build.0 = Debug|Win32
		{85221DB3-A09E-470F-A857-24F3F00B9D75}.Release|x64.ActiveCfg = Release|x64
		{85221DB3-A09E-470F-A857-24F3F00B9D75}.Release|x64.Build.0 = Release|x64
		{85221DB3-A09E-470F-A857-24F3F00B9D75}.Release|x86.ActiveCfg = Release|Win32
		{85221DB3-A09E-470F-A857-24F3F00B9D75}.Release|x86.Build.0 = Release|Win32
		{9C52736C-1A50-4802-93C1-D2CBF21A7EC3}.Debug|x64.ActiveCfg = Debug|x64
		{9C52736C-1A50-4802-93C1-D2CBF21A7EC3}.Debug|x64.Build.0 = Debug|x64
		{9C52736C-1A50-4802-93C1-D2CBF21A7EC3}.Debug|x86.ActiveCfg = Debug|Win32
		{9C52736C-1A50-4802-93C1-D2CBF21A7EC3}.Debug|x86.Build.0 = Debug|Win32
		{9C52736C-1A50-4802-93C1-D2CBF21A7EC3}.Release|x64.ActiveCfg = Release|x64
		{9C52736C-1A50-4802-93C1-D2CBF21A7EC3}.Release|x64.Build.0 = Release|x64
		{9C52736C-1A50-4802-93C1-D2CBF21A7EC3}.Release|x86.ActiveCfg = Release|Win32
		{9C52736C-1A50-4802-93C1-D2CBF21A7EC3}.Release|x86.Build.0 = Release|Win32
	EndGlobalSection
	GlobalSection(SolutionProperties) = preSolution
		HideSolutionNode = FALSE
	EndGlobalSection
	GlobalSection(ExtensibilityGlobals) = postSolution
		SolutionGuid = {18012F15-247E-49F3-A937-AB310CDE19DE}
	EndGlobalSection
EndGlobal
